
Microsoft Visual Studio Solution File, Format Version 12.00
# Visual Studio Version 17
VisualStudioVersion = 17.10.35027.167
MinimumVisualStudioVersion = 10.0.40219.1
Project("{FAE04EC0-301F-11D3-BF4B-00C04F79EFBC}") = "WindowsFormsExercicio1", "WindowsFormsExercicio1\WindowsFormsExercicio1.csproj", "{6487F2C5-38F3-4939-B849-69240191ED5A}"
EndProject
Global
	GlobalSection(SolutionConfigurationPlatforms) = preSolution
		Debug|Any CPU = Debug|Any CPU
		Release|Any CPU = Release|Any CPU
	EndGlobalSection
	GlobalSection(ProjectConfigurationPlatforms) = postSolution
		{6487F2C5-38F3-4939-B849-69240191ED5A}.Debug|Any CPU.ActiveCfg = Debug|Any CPU
		{6487F2C5-38F3-4939-B849-69240191ED5A}.Debug|Any CPU.Build.0 = Debug|Any CPU
		{6487F2C5-38F3-4939-B849-69240191ED5A}.Release|Any CPU.ActiveCfg = Release|Any CPU
		{6487F2C5-38F3-4939-B849-69240191ED5A}.Release|Any CPU.Build.0 = Release|Any CPU
	EndGlobalSection
	GlobalSection(SolutionProperties) = preSolution
		HideSolutionNode = FALSE
	EndGlobalSection
	GlobalSection(ExtensibilityGlobals) = postSolution
		SolutionGuid = {B0882DBD-88B3-4C80-85EB-29F37FC46034}
	EndGlobalSection
EndGlobal
